
Microsoft Visual Studio Solution File, Format Version 12.00
# Visual Studio 14
VisualStudioVersion = 14.0.25420.1
MinimumVisualStudioVersion = 10.0.40219.1
Project("{8BC9CEB8-8B4A-11D0-8D11-00A0C91BC942}") = "Tuan1", "TranMinhChien_17DTHA6_DHMT\TranMinhChien_17DTHA6_DHMT.vcxproj", "{1FD9D0D1-ECF0-4EE6-8F79-FFCA96D0FEAC}"
EndProject
Project("{8BC9CEB8-8B4A-11D0-8D11-00A0C91BC942}") = "Bai1", "Bai1\Bai1.vcxproj", "{9710D9D6-A78D-46CB-964A-F53752F23E46}"
EndProject
Project("{8BC9CEB8-8B4A-11D0-8D11-00A0C91BC942}") = "Bai2", "Bai2\Bai2.vcxproj", "{8CE4A183-81E4-4697-9521-FF4061DEA5E7}"
EndProject
Project("{8BC9CEB8-8B4A-11D0-8D11-00A0C91BC942}") = "Bai3", "Bai3\Bai3.vcxproj", "{22447E41-5343-4702-97B2-B150FBFD0944}"
EndProject
Project("{8BC9CEB8-8B4A-11D0-8D11-00A0C91BC942}") = "Bai4", "Bai4\Bai4.vcxproj", "{A29743BF-D21B-4C21-A743-84AAEDE7B764}"
EndProject
Project("{8BC9CEB8-8B4A-11D0-8D11-00A0C91BC942}") = "Bai5", "Bai5\Bai5.vcxproj", "{8C1012CA-F6FC-40B7-83F3-06D2C3437C6F}"
EndProject
Project("{8BC9CEB8-8B4A-11D0-8D11-00A0C91BC942}") = "Bai6", "Bai6\Bai6.vcxproj", "{A9884BC5-AA8E-4528-A6D9-7F6F61F7138F}"
EndProject
Project("{8BC9CEB8-8B4A-11D0-8D11-00A0C91BC942}") = "Bai7", "Bai7\Bai7.vcxproj", "{E0251035-1074-4DDB-A649-1F2503CC3A03}"
EndProject
Project("{8BC9CEB8-8B4A-11D0-8D11-00A0C91BC942}") = "Bai8", "Bai8\Bai8.vcxproj", "{5992C4B2-7CDB-4E6B-923C-64A0DC1510C2}"
EndProject
Global
	GlobalSection(SolutionConfigurationPlatforms) = preSolution
		Debug|x64 = Debug|x64
		Debug|x86 = Debug|x86
		Release|x64 = Release|x64
		Release|x86 = Release|x86
	EndGlobalSection
	GlobalSection(ProjectConfigurationPlatforms) = postSolution
		{1FD9D0D1-ECF0-4EE6-8F79-FFCA96D0FEAC}.Debug|x64.ActiveCfg = Debug|x64
		{1FD9D0D1-ECF0-4EE6-8F79-FFCA96D0FEAC}.Debug|x64.Build.0 = Debug|x64
		{1FD9D0D1-ECF0-4EE6-8F79-FFCA96D0FEAC}.Debug|x86.ActiveCfg = Debug|Win32
		{1FD9D0D1-ECF0-4EE6-8F79-FFCA96D0FEAC}.Debug|x86.Build.0 = Debug|Win32
		{1FD9D0D1-ECF0-4EE6-8F79-FFCA96D0FEAC}.Release|x64.ActiveCfg = Release|x64
		{1FD9D0D1-ECF0-4EE6-8F79-FFCA96D0FEAC}.Release|x64.Build.0 = Release|x64
		{1FD9D0D1-ECF0-4EE6-8F79-FFCA96D0FEAC}.Release|x86.ActiveCfg = Release|Win32
		{1FD9D0D1-ECF0-4EE6-8F79-FFCA96D0FEAC}.Release|x86.Build.0 = Release|Win32
		{9710D9D6-A78D-46CB-964A-F53752F23E46}.Debug|x64.ActiveCfg = Debug|x64
		{9710D9D6-A78D-46CB-964A-F53752F23E46}.Debug|x64.Build.0 = Debug|x64
		{9710D9D6-A78D-46CB-964A-F53752F23E46}.Debug|x86.ActiveCfg = Debug|Win32
		{9710D9D6-A78D-46CB-964A-F53752F23E46}.Debug|x86.Build.0 = Debug|Win32
		{9710D9D6-A78D-46CB-964A-F53752F23E46}.Release|x64.ActiveCfg = Release|x64
		{9710D9D6-A78D-46CB-964A-F53752F23E46}.Release|x64.Build.0 = Release|x64
		{9710D9D6-A78D-46CB-964A-F53752F23E46}.Release|x86.ActiveCfg = Release|Win32
		{9710D9D6-A78D-46CB-964A-F53752F23E46}.Release|x86.Build.0 = Release|Win32
		{8CE4A183-81E4-4697-9521-FF4061DEA5E7}.Debug|x64.ActiveCfg = Debug|x64
		{8CE4A183-81E4-4697-9521-FF4061DEA5E7}.Debug|x64.Build.0 = Debug|x64
		{8CE4A183-81E4-4697-9521-FF4061DEA5E7}.Debug|x86.ActiveCfg = Debug|Win32
		{8CE4A183-81E4-4697-9521-FF4061DEA5E7}.Debug|x86.Build.0 = Debug|Win32
		{8CE4A183-81E4-4697-9521-FF4061DEA5E7}.Release|x64.ActiveCfg = Release|x64
		{8CE4A183-81E4-4697-9521-FF4061DEA5E7}.Release|x64.Build.0 = Release|x64
		{8CE4A183-81E4-4697-9521-FF4061DEA5E7}.Release|x86.ActiveCfg = Release|Win32
		{8CE4A183-81E4-4697-9521-FF4061DEA5E7}.Release|x86.Build.0 = Release|Win32
		{22447E41-5343-4702-97B2-B150FBFD0944}.Debug|x64.ActiveCfg = Debug|x64
		{22447E41-5343-4702-97B2-B150FBFD0944}.Debug|x64.Build.0 = Debug|x64
		{22447E41-5343-4702-97B2-B150FBFD0944}.Debug|x86.ActiveCfg = Debug|Win32
		{22447E41-5343-4702-97B2-B150FBFD0944}.Debug|x86.Build.0 = Debug|Win32
		{22447E41-5343-4702-97B2-B150FBFD0944}.Release|x64.ActiveCfg = Release|x64
		{22447E41-5343-4702-97B2-B150FBFD0944}.Release|x64.Build.0 = Release|x64
		{22447E41-5343-4702-97B2-B150FBFD0944}.Release|x86.ActiveCfg = Release|Win32
		{22447E41-5343-4702-97B2-B150FBFD0944}.Release|x86.Build.0 = Release|Win32
		{A29743BF-D21B-4C21-A743-84AAEDE7B764}.Debug|x64.ActiveCfg = Debug|x64
		{A29743BF-D21B-4C21-A743-84AAEDE7B764}.Debug|x64.Build.0 = Debug|x64
		{A29743BF-D21B-4C21-A743-84AAEDE7B764}.Debug|x86.ActiveCfg = Debug|Win32
		{A29743BF-D21B-4C21-A743-84AAEDE7B764}.Debug|x86.Build.0 = Debug|Win32
		{A29743BF-D21B-4C21-A743-84AAEDE7B764}.Release|x64.ActiveCfg = Release|x64
		{A29743BF-D21B-4C21-A743-84AAEDE7B764}.Release|x64.Build.0 = Release|x64
		{A29743BF-D21B-4C21-A743-84AAEDE7B764}.Release|x86.ActiveCfg = Release|Win32
		{A29743BF-D21B-4C21-A743-84AAEDE7B764}.Release|x86.Build.0 = Release|Win32
		{8C1012CA-F6FC-40B7-83F3-06D2C3437C6F}.Debug|x64.ActiveCfg = Debug|x64
		{8C1012CA-F6FC-40B7-83F3-06D2C3437C6F}.Debug|x64.Build.0 = Debug|x64
		{8C1012CA-F6FC-40B7-83F3-06D2C3437C6F}.Debug|x86.ActiveCfg = Debug|Win32
		{8C1012CA-F6FC-40B7-83F3-06D2C3437C6F}.Debug|x86.Build.0 = Debug|Win32
		{8C1012CA-F6FC-40B7-83F3-06D2C3437C6F}.Release|x64.ActiveCfg = Release|x64
		{8C1012CA-F6FC-40B7-83F3-06D2C3437C6F}.Release|x64.Build.0 = Release|x64
		{8C1012CA-F6FC-40B7-83F3-06D2C3437C6F}.Release|x86.ActiveCfg = Release|Win32
		{8C1012CA-F6FC-40B7-83F3-06D2C3437C6F}.Release|x86.Build.0 = Release|Win32
		{A9884BC5-AA8E-4528-A6D9-7F6F61F7138F}.Debug|x64.ActiveCfg = Debug|x64
		{A9884BC5-AA8E-4528-A6D9-7F6F61F7138F}.Debug|x64.Build.0 = Debug|x64
		{A9884BC5-AA8E-4528-A6D9-7F6F61F7138F}.Debug|x86.ActiveCfg = Debug|Win32
		{A9884BC5-AA8E-4528-A6D9-7F6F61F7138F}.Debug|x86.Build.0 = Debug|Win32
		{A9884BC5-AA8E-4528-A6D9-7F6F61F7138F}.Release|x64.ActiveCfg = Release|x64
		{A9884BC5-AA8E-4528-A6D9-7F6F61F7138F}.Release|x64.Build.0 = Release|x64
		{A9884BC5-AA8E-4528-A6D9-7F6F61F7138F}.Release|x86.ActiveCfg = Release|Win32
		{A9884BC5-AA8E-4528-A6D9-7F6F61F7138F}.Release|x86.Build.0 = Release|Win32
		{E0251035-1074-4DDB-A649-1F2503CC3A03}.Debug|x64.ActiveCfg = Debug|x64
		{E0251035-1074-4DDB-A649-1F2503CC3A03}.Debug|x64.Build.0 = Debug|x64
		{E0251035-1074-4DDB-A649-1F2503CC3A03}.Debug|x86.ActiveCfg = Debug|Win32
		{E0251035-1074-4DDB-A649-1F2503CC3A03}.Debug|x86.Build.0 = Debug|Win32
		{E0251035-1074-4DDB-A649-1F2503CC3A03}.Release|x64.ActiveCfg = Release|x64
		{E0251035-1074-4DDB-A649-1F2503CC3A03}.Release|x64.Build.0 = Release|x64
		{E0251035-1074-4DDB-A649-1F2503CC3A03}.Release|x86.ActiveCfg = Release|Win32
		{E0251035-1074-4DDB-A649-1F2503CC3A03}.Release|x86.Build.0 = Release|Win32
		{5992C4B2-7CDB-4E6B-923C-64A0DC1510C2}.Debug|x64.ActiveCfg = Debug|x64
		{5992C4B2-7CDB-4E6B-923C-64A0DC1510C2}.Debug|x64.Build.0 = Debug|x64
		{5992C4B2-7CDB-4E6B-923C-64A0DC1510C2}.Debug|x86.ActiveCfg = Debug|Win32
		{5992C4B2-7CDB-4E6B-923C-64A0DC1510C2}.Debug|x86.Build.0 = Debug|Win32
		{5992C4B2-7CDB-4E6B-923C-64A0DC1510C2}.Release|x64.ActiveCfg = Release|x64
		{5992C4B2-7CDB-4E6B-923C-64A0DC1510C2}.Release|x64.Build.0 = Release|x64
		{5992C4B2-7CDB-4E6B-923C-64A0DC1510C2}.Release|x86.ActiveCfg = Release|Win32
		{5992C4B2-7CDB-4E6B-923C-64A0DC1510C2}.Release|x86.Build.0 = Release|Win32
	EndGlobalSection
	GlobalSection(SolutionProperties) = preSolution
		HideSolutionNode = FALSE
	EndGlobalSection
EndGlobal
